
Microsoft Visual Studio Solution File, Format Version 12.00
# Visual Studio Version 16
VisualStudioVersion = 16.0.31702.278
MinimumVisualStudioVersion = 10.0.40219.1
Project("{FAE04EC0-301F-11D3-BF4B-00C04F79EFBC}") = "BookBooking", "BookBooking\BookBooking.csproj", "{F3BF8609-02F6-4986-BDDB-7CFE6ED7851C}"
EndProject
Global
	GlobalSection(SolutionConfigurationPlatforms) = preSolution
		Debug|Any CPU = Debug|Any CPU
		Release|Any CPU = Release|Any CPU
	EndGlobalSection
	GlobalSection(ProjectConfigurationPlatforms) = postSolution
		{F3BF8609-02F6-4986-BDDB-7CFE6ED7851C}.Debug|Any CPU.ActiveCfg = Debug|Any CPU
		{F3BF8609-02F6-4986-BDDB-7CFE6ED7851C}.Debug|Any CPU.Build.0 = Debug|Any CPU
		{F3BF8609-02F6-4986-BDDB-7CFE6ED7851C}.Release|Any CPU.ActiveCfg = Release|Any CPU
		{F3BF8609-02F6-4986-BDDB-7CFE6ED7851C}.Release|Any CPU.Build.0 = Release|Any CPU
	EndGlobalSection
	GlobalSection(SolutionProperties) = preSolution
		HideSolutionNode = FALSE
	EndGlobalSection
	GlobalSection(ExtensibilityGlobals) = postSolution
		SolutionGuid = {241C2812-47F9-426C-BE6B-9C0A4AA2183E}
	EndGlobalSection
EndGlobal
